{
  "name": "utilitytoolkitbyvitalya",
  "version": "1.0.3",
  "lockfileVersion": 3,
  "requires": true,
  "packages": {
    "": {
      "name": "utilitytoolkitbyvitalya",
      "version": "1.0.2",
      "license": "MIT",
      "dependencies": {
        "backenddevelopmentbyvitalya": "^1.0.1"
      }
    },
    "node_modules/backenddevelopmentbyvitalya": {
      "version": "1.0.1",
      "resolved": "https://registry.npmjs.org/backenddevelopmentbyvitalya/-/backenddevelopmentbyvitalya-1.0.1.tgz",
      "integrity": "sha512-jkLmDJBjplzFTg3k7kNwbRifGaXBRFXzE/nx8gqEaG1iseFSh3tFFC0FENwpiJMGNtAjrSh2UcHHHjy9+lVMNw==",
      "dependencies": {
        "backenddevelopmentbyvitalya": "^1.0.0",
        "utilitytoolkitbyvitalya": "^1.0.0"
      }
    },
    "node_modules/utilitytoolkitbyvitalya": {
      "version": "1.0.0",
      "resolved": "https://registry.npmjs.org/utilitytoolkitbyvitalya/-/utilitytoolkitbyvitalya-1.0.0.tgz",
      "integrity": "sha512-pa4X2eRc4aIxh3nZZE1rx8ipOdMlrErxkXDGj+lp649YGfuUuC5AeolcFDEYNplhTyDERUatMTGejwmbznedqQ=="
    }
  }
}
